
Microsoft Visual Studio Solution File, Format Version 12.00
# Visual Studio Version 17
VisualStudioVersion = 17.3.32929.385
MinimumVisualStudioVersion = 10.0.40219.1
Project("{9A19103F-16F7-4668-BE54-9A1E7A4F7556}") = "Aria2Service", "Aria2Service\Aria2Service.csproj", "{EB92CECB-D390-4756-B3C3-1A60AEC6051F}"
EndProject
Project("{9A19103F-16F7-4668-BE54-9A1E7A4F7556}") = "Aria2ServiceTest", "Aria2ServiceTest\Aria2ServiceTest.csproj", "{8B0BF7EB-1942-4ABB-95E6-179FDCFA2604}"
EndProject
Global
	GlobalSection(SolutionConfigurationPlatforms) = preSolution
		Debug|Any CPU = Debug|Any CPU
		Release|Any CPU = Release|Any CPU
	EndGlobalSection
	GlobalSection(ProjectConfigurationPlatforms) = postSolution
		{EB92CECB-D390-4756-B3C3-1A60AEC6051F}.Debug|Any CPU.ActiveCfg = Debug|Any CPU
		{EB92CECB-D390-4756-B3C3-1A60AEC6051F}.Debug|Any CPU.Build.0 = Debug|Any CPU
		{EB92CECB-D390-4756-B3C3-1A60AEC6051F}.Release|Any CPU.ActiveCfg = Release|Any CPU
		{EB92CECB-D390-4756-B3C3-1A60AEC6051F}.Release|Any CPU.Build.0 = Release|Any CPU
		{8B0BF7EB-1942-4ABB-95E6-179FDCFA2604}.Debug|Any CPU.ActiveCfg = Debug|Any CPU
		{8B0BF7EB-1942-4ABB-95E6-179FDCFA2604}.Debug|Any CPU.Build.0 = Debug|Any CPU
		{8B0BF7EB-1942-4ABB-95E6-179FDCFA2604}.Release|Any CPU.ActiveCfg = Release|Any CPU
		{8B0BF7EB-1942-4ABB-95E6-179FDCFA2604}.Release|Any CPU.Build.0 = Release|Any CPU
	EndGlobalSection
	GlobalSection(SolutionProperties) = preSolution
		HideSolutionNode = FALSE
	EndGlobalSection
	GlobalSection(ExtensibilityGlobals) = postSolution
		SolutionGuid = {F4DB2871-AA0C-4680-B663-32585CB18894}
	EndGlobalSection
EndGlobal
